// !$*UTF8*$!
{
	archiveVersion = 1;
	classes = {
	};
	objectVersion = 46;
	objects = {

/* Begin PBXBuildFile section */
		0413059881F7B3FC03816BB7 /* libPods-ExpertAdminSystem.a in Frameworks */ = {isa = PBXBuildFile; fileRef = CCF8D151E7F9E6D3ED5FAB1C /* libPods-ExpertAdminSystem.a */; };
		550119C81D67EE9200802F5C /* ExpertCell.xib in Resources */ = {isa = PBXBuildFile; fileRef = 550119C71D67EE9200802F5C /* ExpertCell.xib */; };
		5577D6C01D65F6E4004B6E6F /* main.m in Sources */ = {isa = PBXBuildFile; fileRef = 5577D6BF1D65F6E4004B6E6F /* main.m */; };
		5577D6C31D65F6E4004B6E6F /* AppDelegate.m in Sources */ = {isa = PBXBuildFile; fileRef = 5577D6C21D65F6E4004B6E6F /* AppDelegate.m */; };
		5577D6C91D65F6E4004B6E6F /* Main.storyboard in Resources */ = {isa = PBXBuildFile; fileRef = 5577D6C71D65F6E4004B6E6F /* Main.storyboard */; };
		5577D6CB1D65F6E4004B6E6F /* Assets.xcassets in Resources */ = {isa = PBXBuildFile; fileRef = 5577D6CA1D65F6E4004B6E6F /* Assets.xcassets */; };
		5577D6CE1D65F6E4004B6E6F /* LaunchScreen.storyboard in Resources */ = {isa = PBXBuildFile; fileRef = 5577D6CC1D65F6E4004B6E6F /* LaunchScreen.storyboard */; };
		5577D6DD1D664373004B6E6F /* GoogleService-Info.plist in Resources */ = {isa = PBXBuildFile; fileRef = 5577D6DC1D664373004B6E6F /* GoogleService-Info.plist */; };
		559CCAB81D66469D00B2946D /* User.m in Sources */ = {isa = PBXBuildFile; fileRef = 559CCAB71D66469D00B2946D /* User.m */; };
		559CCABB1D664D6400B2946D /* LoginViewController.m in Sources */ = {isa = PBXBuildFile; fileRef = 559CCABA1D664D6400B2946D /* LoginViewController.m */; };
		559CCABE1D6652F400B2946D /* ExpertViewController.m in Sources */ = {isa = PBXBuildFile; fileRef = 559CCABD1D6652F400B2946D /* ExpertViewController.m */; };
		559CCAC11D66530500B2946D /* AdminViewController.m in Sources */ = {isa = PBXBuildFile; fileRef = 559CCAC01D66530500B2946D /* AdminViewController.m */; };
		559CCAC71D665F4900B2946D /* InputViewController.m in Sources */ = {isa = PBXBuildFile; fileRef = 559CCAC61D665F4900B2946D /* InputViewController.m */; };
		559CCACA1D665F6900B2946D /* EHomeViewController.m in Sources */ = {isa = PBXBuildFile; fileRef = 559CCAC91D665F6900B2946D /* EHomeViewController.m */; };
		559CCACC1D66618000B2946D /* info.png in Resources */ = {isa = PBXBuildFile; fileRef = 559CCACB1D66618000B2946D /* info.png */; };
		559CCACE1D66689100B2946D /* avatar.png in Resources */ = {isa = PBXBuildFile; fileRef = 559CCACD1D66689100B2946D /* avatar.png */; };
/* End PBXBuildFile section */

/* Begin PBXFileReference section */
		4F33F2C90986D6A10CB42447 /* Pods-ExpertAdminSystem.release.xcconfig */ = {isa = PBXFileReference; includeInIndex = 1; lastKnownFileType = text.xcconfig; name = "Pods-ExpertAdminSystem.release.xcconfig"; path = "Pods/Target Support Files/Pods-ExpertAdminSystem/Pods-ExpertAdminSystem.release.xcconfig"; sourceTree = "<group>"; };
		550119C71D67EE9200802F5C /* ExpertCell.xib */ = {isa = PBXFileReference; fileEncoding = 4; lastKnownFileType = file.xib; name = ExpertCell.xib; path = ../ExpertCell.xib; sourceTree = "<group>"; };
		5577D6BB1D65F6E4004B6E6F /* ExpertAdminSystem.app */ = {isa = PBXFileReference; explicitFileType = wrapper.application; includeInIndex = 0; path = ExpertAdminSystem.app; sourceTree = BUILT_PRODUCTS_DIR; };
		5577D6BF1D65F6E4004B6E6F /* main.m */ = {isa = PBXFileReference; lastKnownFileType = sourcecode.c.objc; path = main.m; sourceTree = "<group>"; };
		5577D6C11D65F6E4004B6E6F /* AppDelegate.h */ = {isa = PBXFileReference; lastKnownFileType = sourcecode.c.h; path = AppDelegate.h; sourceTree = "<group>"; };
		5577D6C21D65F6E4004B6E6F /* AppDelegate.m */ = {isa = PBXFileReference; lastKnownFileType = sourcecode.c.objc; path = AppDelegate.m; sourceTree = "<group>"; };
		5577D6C81D65F6E4004B6E6F /* Base */ = {isa = PBXFileReference; lastKnownFileType = file.storyboard; name = Base; path = Base.lproj/Main.storyboard; sourceTree = "<group>"; };
		5577D6CA1D65F6E4004B6E6F /* Assets.xcassets */ = {isa = PBXFileReference; lastKnownFileType = folder.assetcatalog; path = Assets.xcassets; sourceTree = "<group>"; };
		5577D6CD1D65F6E4004B6E6F /* Base */ = {isa = PBXFileReference; lastKnownFileType = file.storyboard; name = Base; path = Base.lproj/LaunchScreen.storyboard; sourceTree = "<group>"; };
		5577D6CF1D65F6E4004B6E6F /* Info.plist */ = {isa = PBXFileReference; lastKnownFileType = text.plist.xml; path = Info.plist; sourceTree = "<group>"; };
		5577D6DC1D664373004B6E6F /* GoogleService-Info.plist */ = {isa = PBXFileReference; fileEncoding = 4; lastKnownFileType = text.plist.xml; path = "GoogleService-Info.plist"; sourceTree = "<group>"; };
		559CCAB61D66469D00B2946D /* User.h */ = {isa = PBXFileReference; fileEncoding = 4; lastKnownFileType = sourcecode.c.h; path = User.h; sourceTree = "<group>"; };
		559CCAB71D66469D00B2946D /* User.m */ = {isa = PBXFileReference; fileEncoding = 4; lastKnownFileType = sourcecode.c.objc; path = User.m; sourceTree = "<group>"; };
		559CCAB91D664D6400B2946D /* LoginViewController.h */ = {isa = PBXFileReference; fileEncoding = 4; lastKnownFileType = sourcecode.c.h; path = LoginViewController.h; sourceTree = "<group>"; };
		559CCABA1D664D6400B2946D /* LoginViewController.m */ = {isa = PBXFileReference; fileEncoding = 4; lastKnownFileType = sourcecode.c.objc; path = LoginViewController.m; sourceTree = "<group>"; };
		559CCABC1D6652F400B2946D /* ExpertViewController.h */ = {isa = PBXFileReference; fileEncoding = 4; lastKnownFileType = sourcecode.c.h; path = ExpertViewController.h; sourceTree = "<group>"; };
		559CCABD1D6652F400B2946D /* ExpertViewController.m */ = {isa = PBXFileReference; fileEncoding = 4; lastKnownFileType = sourcecode.c.objc; path = ExpertViewController.m; sourceTree = "<group>"; };
		559CCABF1D66530500B2946D /* AdminViewController.h */ = {isa = PBXFileReference; fileEncoding = 4; lastKnownFileType = sourcecode.c.h; path = AdminViewController.h; sourceTree = "<group>"; };
		559CCAC01D66530500B2946D /* AdminViewController.m */ = {isa = PBXFileReference; fileEncoding = 4; lastKnownFileType = sourcecode.c.objc; path = AdminViewController.m; sourceTree = "<group>"; };
		559CCAC51D665F4900B2946D /* InputViewController.h */ = {isa = PBXFileReference; fileEncoding = 4; lastKnownFileType = sourcecode.c.h; path = InputViewController.h; sourceTree = "<group>"; };
		559CCAC61D665F4900B2946D /* InputViewController.m */ = {isa = PBXFileReference; fileEncoding = 4; lastKnownFileType = sourcecode.c.objc; path = InputViewController.m; sourceTree = "<group>"; };
		559CCAC81D665F6900B2946D /* EHomeViewController.h */ = {isa = PBXFileReference; fileEncoding = 4; lastKnownFileType = sourcecode.c.h; path = EHomeViewController.h; sourceTree = "<group>"; };
		559CCAC91D665F6900B2946D /* EHomeViewController.m */ = {isa = PBXFileReference; fileEncoding = 4; lastKnownFileType = sourcecode.c.objc; path = EHomeViewController.m; sourceTree = "<group>"; };
		559CCACB1D66618000B2946D /* info.png */ = {isa = PBXFileReference; lastKnownFileType = image.png; path = info.png; sourceTree = "<group>"; };
		559CCACD1D66689100B2946D /* avatar.png */ = {isa = PBXFileReference; lastKnownFileType = image.png; path = avatar.png; sourceTree = "<group>"; };
		C45BD76514DDA97853E3A67D /* Pods-ExpertAdminSystem.debug.xcconfig */ = {isa = PBXFileReference; includeInIndex = 1; lastKnownFileType = text.xcconfig; name = "Pods-ExpertAdminSystem.debug.xcconfig"; path = "Pods/Target Support Files/Pods-ExpertAdminSystem/Pods-ExpertAdminSystem.debug.xcconfig"; sourceTree = "<group>"; };
		CCF8D151E7F9E6D3ED5FAB1C /* libPods-ExpertAdminSystem.a */ = {isa = PBXFileReference; explicitFileType = archive.ar; includeInIndex = 0; path = "libPods-ExpertAdminSystem.a"; sourceTree = BUILT_PRODUCTS_DIR; };
/* End PBXFileReference section */

/* Begin PBXFrameworksBuildPhase section */
		5577D6B81D65F6E4004B6E6F /* Frameworks */ = {
			isa = PBXFrameworksBuildPhase;
			buildActionMask = 2147483647;
			files = (
				0413059881F7B3FC03816BB7 /* libPods-ExpertAdminSystem.a in Frameworks */,
			);
			runOnlyForDeploymentPostprocessing = 0;
		};
/* End PBXFrameworksBuildPhase section */

/* Begin PBXGroup section */
		412A5804ECDB5184F713419A /* Frameworks */ = {
			isa = PBXGroup;
			children = (
				CCF8D151E7F9E6D3ED5FAB1C /* libPods-ExpertAdminSystem.a */,
			);
			name = Frameworks;
			sourceTree = "<group>";
		};
		5577D6B21D65F6E4004B6E6F = {
			isa = PBXGroup;
			children = (
				5577D6BD1D65F6E4004B6E6F /* ExpertAdminSystem */,
				5577D6BC1D65F6E4004B6E6F /* Products */,
				9941948692303DB8093902D3 /* Pods */,
				412A5804ECDB5184F713419A /* Frameworks */,
			);
			sourceTree = "<group>";
		};
		5577D6BC1D65F6E4004B6E6F /* Products */ = {
			isa = PBXGroup;
			children = (
				5577D6BB1D65F6E4004B6E6F /* ExpertAdminSystem.app */,
			);
			name = Products;
			sourceTree = "<group>";
		};
		5577D6BD1D65F6E4004B6E6F /* ExpertAdminSystem */ = {
			isa = PBXGroup;
			children = (
				559CCACB1D66618000B2946D /* info.png */,
				559CCACD1D66689100B2946D /* avatar.png */,
				559CCAB51D66468900B2946D /* Model */,
				5577D6C11D65F6E4004B6E6F /* AppDelegate.h */,
				5577D6C21D65F6E4004B6E6F /* AppDelegate.m */,
				559CCAB91D664D6400B2946D /* LoginViewController.h */,
				559CCABA1D664D6400B2946D /* LoginViewController.m */,
				5577D6C71D65F6E4004B6E6F /* Main.storyboard */,
				550119C71D67EE9200802F5C /* ExpertCell.xib */,
				5577D6CA1D65F6E4004B6E6F /* Assets.xcassets */,
				5577D6CC1D65F6E4004B6E6F /* LaunchScreen.storyboard */,
				5577D6CF1D65F6E4004B6E6F /* Info.plist */,
				5577D6DC1D664373004B6E6F /* GoogleService-Info.plist */,
				5577D6BE1D65F6E4004B6E6F /* Supporting Files */,
				559CCAC41D665F1B00B2946D /* Expert */,
				559CCABF1D66530500B2946D /* AdminViewController.h */,
				559CCAC01D66530500B2946D /* AdminViewController.m */,
			);
			path = ExpertAdminSystem;
			sourceTree = "<group>";
		};
		5577D6BE1D65F6E4004B6E6F /* Supporting Files */ = {
			isa = PBXGroup;
			children = (
				5577D6BF1D65F6E4004B6E6F /* main.m */,
			);
			name = "Supporting Files";
			sourceTree = "<group>";
		};
		559CCAB51D66468900B2946D /* Model */ = {
			isa = PBXGroup;
			children = (
				559CCAB61D66469D00B2946D /* User.h */,
				559CCAB71D66469D00B2946D /* User.m */,
			);
			name = Model;
			sourceTree = "<group>";
		};
		559CCAC41D665F1B00B2946D /* Expert */ = {
			isa = PBXGroup;
			children = (
				559CCABC1D6652F400B2946D /* ExpertViewController.h */,
				559CCABD1D6652F400B2946D /* ExpertViewController.m */,
				559CCAC51D665F4900B2946D /* InputViewController.h */,
				559CCAC61D665F4900B2946D /* InputViewController.m */,
				559CCAC81D665F6900B2946D /* EHomeViewController.h */,
				559CCAC91D665F6900B2946D /* EHomeViewController.m */,
			);
			name = Expert;
			sourceTree = "<group>";
		};
		9941948692303DB8093902D3 /* Pods */ = {
			isa = PBXGroup;
			children = (
				C45BD76514DDA97853E3A67D /* Pods-ExpertAdminSystem.debug.xcconfig */,
				4F33F2C90986D6A10CB42447 /* Pods-ExpertAdminSystem.release.xcconfig */,
			);
			name = Pods;
			sourceTree = "<group>";
		};
/* End PBXGroup section */

/* Begin PBXNativeTarget section */
		5577D6BA1D65F6E4004B6E6F /* ExpertAdminSystem */ = {
			isa = PBXNativeTarget;
			buildConfigurationList = 5577D6D21D65F6E4004B6E6F /* Build configuration list for PBXNativeTarget "ExpertAdminSystem" */;
			buildPhases = (
				631963ABA3F38E4F30311020 /* [CP] Check Pods Manifest.lock */,
				5577D6B71D65F6E4004B6E6F /* Sources */,
				5577D6B81D65F6E4004B6E6F /* Frameworks */,
				5577D6B91D65F6E4004B6E6F /* Resources */,
				10AA3483A2182F95B733E7B0 /* [CP] Embed Pods Frameworks */,
				08BBAB912B2888FDE0AFB067 /* [CP] Copy Pods Resources */,
			);
			buildRules = (
			);
			dependencies = (
			);
			name = ExpertAdminSystem;
			productName = ExpertAdminSystem;
			productReference = 5577D6BB1D65F6E4004B6E6F /* ExpertAdminSystem.app */;
			productType = "com.apple.product-type.application";
		};
/* End PBXNativeTarget section */

/* Begin PBXProject section */
		5577D6B31D65F6E4004B6E6F /* Project object */ = {
			isa = PBXProject;
			attributes = {
				LastUpgradeCheck = 0730;
				ORGANIZATIONNAME = PDC;
				TargetAttributes = {
					5577D6BA1D65F6E4004B6E6F = {
						CreatedOnToolsVersion = 7.3.1;
						DevelopmentTeam = G84KAMQJ6C;
					};
				};
			};
			buildConfigurationList = 5577D6B61D65F6E4004B6E6F /* Build configuration list for PBXProject "ExpertAdminSystem" */;
			compatibilityVersion = "Xcode 3.2";
			developmentRegion = English;
			hasScannedForEncodings = 0;
			knownRegions = (
				en,
				Base,
			);
			mainGroup = 5577D6B21D65F6E4004B6E6F;
			productRefGroup = 5577D6BC1D65F6E4004B6E6F /* Products */;
			projectDirPath = "";
			projectRoot = "";
			targets = (
				5577D6BA1D65F6E4004B6E6F /* ExpertAdminSystem */,
			);
		};
/* End PBXProject section */

/* Begin PBXResourcesBuildPhase section */
		5577D6B91D65F6E4004B6E6F /* Resources */ = {
			isa = PBXResourcesBuildPhase;
			buildActionMask = 2147483647;
			files = (
				559CCACE1D66689100B2946D /* avatar.png in Resources */,
				550119C81D67EE9200802F5C /* ExpertCell.xib in Resources */,
				5577D6CE1D65F6E4004B6E6F /* LaunchScreen.storyboard in Resources */,
				5577D6DD1D664373004B6E6F /* GoogleService-Info.plist in Resources */,
				559CCACC1D66618000B2946D /* info.png in Resources */,
				5577D6CB1D65F6E4004B6E6F /* Assets.xcassets in Resources */,
				5577D6C91D65F6E4004B6E6F /* Main.storyboard in Resources */,
			);
			runOnlyForDeploymentPostprocessing = 0;
		};
/* End PBXResourcesBuildPhase section */

/* Begin PBXShellScriptBuildPhase section */
		08BBAB912B2888FDE0AFB067 /* [CP] Copy Pods Resources */ = {
			isa = PBXShellScriptBuildPhase;
			buildActionMask = 2147483647;
			files = (
			);
			inputPaths = (
			);
			name = "[CP] Copy Pods Resources";
			outputPaths = (
			);
			runOnlyForDeploymentPostprocessing = 0;
			shellPath = /bin/sh;
			shellScript = "\"${SRCROOT}/Pods/Target Support Files/Pods-ExpertAdminSystem/Pods-ExpertAdminSystem-resources.sh\"\n";
			showEnvVarsInLog = 0;
		};
		10AA3483A2182F95B733E7B0 /* [CP] Embed Pods Frameworks */ = {
			isa = PBXShellScriptBuildPhase;
			buildActionMask = 2147483647;
			files = (
			);
			inputPaths = (
			);
			name = "[CP] Embed Pods Frameworks";
			outputPaths = (
			);
			runOnlyForDeploymentPostprocessing = 0;
			shellPath = /bin/sh;
			shellScript = "\"${SRCROOT}/Pods/Target Support Files/Pods-ExpertAdminSystem/Pods-ExpertAdminSystem-frameworks.sh\"\n";
			showEnvVarsInLog = 0;
		};
		631963ABA3F38E4F30311020 /* [CP] Check Pods Manifest.lock */ = {
			isa = PBXShellScriptBuildPhase;
			buildActionMask = 2147483647;
			files = (
			);
			inputPaths = (
			);
			name = "[CP] Check Pods Manifest.lock";
			outputPaths = (
			);
			runOnlyForDeploymentPostprocessing = 0;
			shellPath = /bin/sh;
			shellScript = "diff \"${PODS_ROOT}/../Podfile.lock\" \"${PODS_ROOT}/Manifest.lock\" > /dev/null\nif [[ $? != 0 ]] ; then\n    cat << EOM\nerror: The sandbox is not in sync with the Podfile.lock. Run 'pod install' or update your CocoaPods installation.\nEOM\n    exit 1\nfi\n";
			showEnvVarsInLog = 0;
		};
/* End PBXShellScriptBuildPhase section */

/* Begin PBXSourcesBuildPhase section */
		5577D6B71D65F6E4004B6E6F /* Sources */ = {
			isa = PBXSourcesBuildPhase;
			buildActionMask = 2147483647;
			files = (
				559CCAC71D665F4900B2946D /* InputViewController.m in Sources */,
				559CCAC11D66530500B2946D /* AdminViewController.m in Sources */,
				559CCABB1D664D6400B2946D /* LoginViewController.m in Sources */,
				559CCAB81D66469D00B2946D /* User.m in Sources */,
				5577D6C31D65F6E4004B6E6F /* AppDelegate.m in Sources */,
				559CCACA1D665F6900B2946D /* EHomeViewController.m in Sources */,
				559CCABE1D6652F400B2946D /* ExpertViewController.m in Sources */,
				5577D6C01D65F6E4004B6E6F /* main.m in Sources */,
			);
			runOnlyForDeploymentPostprocessing = 0;
		};
/* End PBXSourcesBuildPhase section */

/* Begin PBXVariantGroup section */
		5577D6C71D65F6E4004B6E6F /* Main.storyboard */ = {
			isa = PBXVariantGroup;
			children = (
				5577D6C81D65F6E4004B6E6F /* Base */,
			);
			name = Main.storyboard;
			sourceTree = "<group>";
		};
		5577D6CC1D65F6E4004B6E6F /* LaunchScreen.storyboard */ = {
			isa = PBXVariantGroup;
			children = (
				5577D6CD1D65F6E4004B6E6F /* Base */,
			);
			name = LaunchScreen.storyboard;
			sourceTree = "<group>";
		};
/* End PBXVariantGroup section */

/* Begin XCBuildConfiguration section */
		5577D6D01D65F6E4004B6E6F /* Debug */ = {
			isa = XCBuildConfiguration;
			buildSettings = {
				ALWAYS_SEARCH_USER_PATHS = NO;
				CLANG_ANALYZER_NONNULL = YES;
				CLANG_CXX_LANGUAGE_STANDARD = "gnu++0x";
				CLANG_CXX_LIBRARY = "libc++";
				CLANG_ENABLE_MODULES = YES;
				CLANG_ENABLE_OBJC_ARC = YES;
				CLANG_WARN_BOOL_CONVERSION = YES;
				CLANG_WARN_CONSTANT_CONVERSION = YES;
				CLANG_WARN_DIRECT_OBJC_ISA_USAGE = YES_ERROR;
				CLANG_WARN_EMPTY_BODY = YES;
				CLANG_WARN_ENUM_CONVERSION = YES;
				CLANG_WARN_INT_CONVERSION = YES;
				CLANG_WARN_OBJC_ROOT_CLASS = YES_ERROR;
				CLANG_WARN_UNREACHABLE_CODE = YES;
				CLANG_WARN__DUPLICATE_METHOD_MATCH = YES;
				"CODE_SIGN_IDENTITY[sdk=iphoneos*]" = "iPhone Developer";
				COPY_PHASE_STRIP = NO;
				DEBUG_INFORMATION_FORMAT = dwarf;
				ENABLE_STRICT_OBJC_MSGSEND = YES;
				ENABLE_TESTABILITY = YES;
				GCC_C_LANGUAGE_STANDARD = gnu99;
				GCC_DYNAMIC_NO_PIC = NO;
				GCC_NO_COMMON_BLOCKS = YES;
				GCC_OPTIMIZATION_LEVEL = 0;
				GCC_PREPROCESSOR_DEFINITIONS = (
					"DEBUG=1",
					"$(inherited)",
				);
				GCC_WARN_64_TO_32_BIT_CONVERSION = YES;
				GCC_WARN_ABOUT_RETURN_TYPE = YES_ERROR;
				GCC_WARN_UNDECLARED_SELECTOR = YES;
				GCC_WARN_UNINITIALIZED_AUTOS = YES_AGGRESSIVE;
				GCC_WARN_UNUSED_FUNCTION = YES;
				GCC_WARN_UNUSED_VARIABLE = YES;
				IPHONEOS_DEPLOYMENT_TARGET = 9.3;
				MTL_ENABLE_DEBUG_INFO = YES;
				ONLY_ACTIVE_ARCH = YES;
				SDKROOT = iphoneos;
				TARGETED_DEVICE_FAMILY = 2;
			};
			name = Debug;
		};
		5577D6D11D65F6E4004B6E6F /* Release */ = {
			isa = XCBuildConfiguration;
			buildSettings = {
				ALWAYS_SEARCH_USER_PATHS = NO;
				CLANG_ANALYZER_NONNULL = YES;
				CLANG_CXX_LANGUAGE_STANDARD = "gnu++0x";
				CLANG_CXX_LIBRARY = "libc++";
				CLANG_ENABLE_MODULES = YES;
				CLANG_ENABLE_OBJC_ARC = YES;
				CLANG_WARN_BOOL_CONVERSION = YES;
				CLANG_WARN_CONSTANT_CONVERSION = YES;
				CLANG_WARN_DIRECT_OBJC_ISA_USAGE = YES_ERROR;
				CLANG_WARN_EMPTY_BODY = YES;
				CLANG_WARN_ENUM_CONVERSION = YES;
				CLANG_WARN_INT_CONVERSION = YES;
				CLANG_WARN_OBJC_ROOT_CLASS = YES_ERROR;
				CLANG_WARN_UNREACHABLE_CODE = YES;
				CLANG_WARN__DUPLICATE_METHOD_MATCH = YES;
				"CODE_SIGN_IDENTITY[sdk=iphoneos*]" = "iPhone Developer";
				COPY_PHASE_STRIP = NO;
				DEBUG_INFORMATION_FORMAT = "dwarf-with-dsym";
				ENABLE_NS_ASSERTIONS = NO;
				ENABLE_STRICT_OBJC_MSGSEND = YES;
				GCC_C_LANGUAGE_STANDARD = gnu99;
				GCC_NO_COMMON_BLOCKS = YES;
				GCC_WARN_64_TO_32_BIT_CONVERSION = YES;
				GCC_WARN_ABOUT_RETURN_TYPE = YES_ERROR;
				GCC_WARN_UNDECLARED_SELECTOR = YES;
				GCC_WARN_UNINITIALIZED_AUTOS = YES_AGGRESSIVE;
				GCC_WARN_UNUSED_FUNCTION = YES;
				GCC_WARN_UNUSED_VARIABLE = YES;
				IPHONEOS_DEPLOYMENT_TARGET = 9.3;
				MTL_ENABLE_DEBUG_INFO = NO;
				SDKROOT = iphoneos;
				TARGETED_DEVICE_FAMILY = 2;
				VALIDATE_PRODUCT = YES;
			};
			name = Release;
		};
		5577D6D31D65F6E4004B6E6F /* Debug */ = {
			isa = XCBuildConfiguration;
			baseConfigurationReference = C45BD76514DDA97853E3A67D /* Pods-ExpertAdminSystem.debug.xcconfig */;
			buildSettings = {
				ASSETCATALOG_COMPILER_APPICON_NAME = AppIcon;
				CODE_SIGN_IDENTITY = "iPhone Developer";
				INFOPLIST_FILE = ExpertAdminSystem/Info.plist;
				IPHONEOS_DEPLOYMENT_TARGET = 9.0;
				LD_RUNPATH_SEARCH_PATHS = "$(inherited) @executable_path/Frameworks";
				PRODUCT_BUNDLE_IDENTIFIER = me.poodar.ExpertAdminSystem;
				PRODUCT_NAME = "$(TARGET_NAME)";
			};
			name = Debug;
		};
		5577D6D41D65F6E4004B6E6F /* Release */ = {
			isa = XCBuildConfiguration;
			baseConfigurationReference = 4F33F2C90986D6A10CB42447 /* Pods-ExpertAdminSystem.release.xcconfig */;
			buildSettings = {
				ASSETCATALOG_COMPILER_APPICON_NAME = AppIcon;
				CODE_SIGN_IDENTITY = "iPhone Developer";
				INFOPLIST_FILE = ExpertAdminSystem/Info.plist;
				IPHONEOS_DEPLOYMENT_TARGET = 9.0;
				LD_RUNPATH_SEARCH_PATHS = "$(inherited) @executable_path/Frameworks";
				PRODUCT_BUNDLE_IDENTIFIER = me.poodar.ExpertAdminSystem;
				PRODUCT_NAME = "$(TARGET_NAME)";
			};
			name = Release;
		};
/* End XCBuildConfiguration section */

/* Begin XCConfigurationList section */
		5577D6B61D65F6E4004B6E6F /* Build configuration list for PBXProject "ExpertAdminSystem" */ = {
			isa = XCConfigurationList;
			buildConfigurations = (
				5577D6D01D65F6E4004B6E6F /* Debug */,
				5577D6D11D65F6E4004B6E6F /* Release */,
			);
			defaultConfigurationIsVisible = 0;
			defaultConfigurationName = Release;
		};
		5577D6D21D65F6E4004B6E6F /* Build configuration list for PBXNativeTarget "ExpertAdminSystem" */ = {
			isa = XCConfigurationList;
			buildConfigurations = (
				5577D6D31D65F6E4004B6E6F /* Debug */,
				5577D6D41D65F6E4004B6E6F /* Release */,
			);
			defaultConfigurationIsVisible = 0;
			defaultConfigurationName = Release;
		};
/* End XCConfigurationList section */
	};
	rootObject = 5577D6B31D65F6E4004B6E6F /* Project object */;
}
