// !$*UTF8*$!
{
	archiveVersion = 1;
	classes = {
	};
	objectVersion = 46;
	objects = {

/* Begin PBXBuildFile section */
		4A8E627EF7042AD8DADA37F7 /* Pods_ExpertRecruitSystem.framework in Frameworks */ = {isa = PBXBuildFile; fileRef = F2624133CA386C23FB8E8430 /* Pods_ExpertRecruitSystem.framework */; };
		552AD7101D6437F10050E849 /* AppDelegate.swift in Sources */ = {isa = PBXBuildFile; fileRef = 552AD70F1D6437F10050E849 /* AppDelegate.swift */; };
		552AD7121D6437F10050E849 /* MenuViewController.swift in Sources */ = {isa = PBXBuildFile; fileRef = 552AD7111D6437F10050E849 /* MenuViewController.swift */; };
		552AD7151D6437F10050E849 /* Main.storyboard in Resources */ = {isa = PBXBuildFile; fileRef = 552AD7131D6437F10050E849 /* Main.storyboard */; };
		552AD7181D6437F10050E849 /* ExpertRecruitSystem.xcdatamodeld in Sources */ = {isa = PBXBuildFile; fileRef = 552AD7161D6437F10050E849 /* ExpertRecruitSystem.xcdatamodeld */; };
		552AD71A1D6437F10050E849 /* Assets.xcassets in Resources */ = {isa = PBXBuildFile; fileRef = 552AD7191D6437F10050E849 /* Assets.xcassets */; };
		552AD71D1D6437F10050E849 /* LaunchScreen.storyboard in Resources */ = {isa = PBXBuildFile; fileRef = 552AD71B1D6437F10050E849 /* LaunchScreen.storyboard */; };
		552AD7291D64480F0050E849 /* GoogleService-Info.plist in Resources */ = {isa = PBXBuildFile; fileRef = 552AD7281D64480F0050E849 /* GoogleService-Info.plist */; };
		552AD78B1D6464B00050E849 /* AuthViewController.swift in Sources */ = {isa = PBXBuildFile; fileRef = 552AD78A1D6464B00050E849 /* AuthViewController.swift */; };
		552AD78F1D6465D00050E849 /* User.swift in Sources */ = {isa = PBXBuildFile; fileRef = 552AD78E1D6465D00050E849 /* User.swift */; };
		552AD7911D646CF60050E849 /* UserCell.swift in Sources */ = {isa = PBXBuildFile; fileRef = 552AD7901D646CF60050E849 /* UserCell.swift */; };
		552AD7951D6489B80050E849 /* AdminViewController.swift in Sources */ = {isa = PBXBuildFile; fileRef = 552AD7941D6489B80050E849 /* AdminViewController.swift */; };
/* End PBXBuildFile section */

/* Begin PBXFileReference section */
		279C9874A502105302E02F60 /* Pods-ExpertRecruitSystem.debug.xcconfig */ = {isa = PBXFileReference; includeInIndex = 1; lastKnownFileType = text.xcconfig; name = "Pods-ExpertRecruitSystem.debug.xcconfig"; path = "Pods/Target Support Files/Pods-ExpertRecruitSystem/Pods-ExpertRecruitSystem.debug.xcconfig"; sourceTree = "<group>"; };
		552AD70C1D6437F10050E849 /* ExpertRecruitSystem.app */ = {isa = PBXFileReference; explicitFileType = wrapper.application; includeInIndex = 0; path = ExpertRecruitSystem.app; sourceTree = BUILT_PRODUCTS_DIR; };
		552AD70F1D6437F10050E849 /* AppDelegate.swift */ = {isa = PBXFileReference; lastKnownFileType = sourcecode.swift; path = AppDelegate.swift; sourceTree = "<group>"; };
		552AD7111D6437F10050E849 /* MenuViewController.swift */ = {isa = PBXFileReference; lastKnownFileType = sourcecode.swift; path = MenuViewController.swift; sourceTree = "<group>"; };
		552AD7141D6437F10050E849 /* Base */ = {isa = PBXFileReference; lastKnownFileType = file.storyboard; name = Base; path = Base.lproj/Main.storyboard; sourceTree = "<group>"; };
		552AD7171D6437F10050E849 /* ExpertRecruitSystem.xcdatamodel */ = {isa = PBXFileReference; lastKnownFileType = wrapper.xcdatamodel; path = ExpertRecruitSystem.xcdatamodel; sourceTree = "<group>"; };
		552AD7191D6437F10050E849 /* Assets.xcassets */ = {isa = PBXFileReference; lastKnownFileType = folder.assetcatalog; path = Assets.xcassets; sourceTree = "<group>"; };
		552AD71C1D6437F10050E849 /* Base */ = {isa = PBXFileReference; lastKnownFileType = file.storyboard; name = Base; path = Base.lproj/LaunchScreen.storyboard; sourceTree = "<group>"; };
		552AD71E1D6437F10050E849 /* Info.plist */ = {isa = PBXFileReference; lastKnownFileType = text.plist.xml; path = Info.plist; sourceTree = "<group>"; };
		552AD7281D64480F0050E849 /* GoogleService-Info.plist */ = {isa = PBXFileReference; fileEncoding = 4; lastKnownFileType = text.plist.xml; path = "GoogleService-Info.plist"; sourceTree = "<group>"; };
		552AD78A1D6464B00050E849 /* AuthViewController.swift */ = {isa = PBXFileReference; fileEncoding = 4; lastKnownFileType = sourcecode.swift; path = AuthViewController.swift; sourceTree = "<group>"; };
		552AD78E1D6465D00050E849 /* User.swift */ = {isa = PBXFileReference; fileEncoding = 4; lastKnownFileType = sourcecode.swift; path = User.swift; sourceTree = "<group>"; };
		552AD7901D646CF60050E849 /* UserCell.swift */ = {isa = PBXFileReference; fileEncoding = 4; lastKnownFileType = sourcecode.swift; path = UserCell.swift; sourceTree = "<group>"; };
		552AD7941D6489B80050E849 /* AdminViewController.swift */ = {isa = PBXFileReference; fileEncoding = 4; lastKnownFileType = sourcecode.swift; path = AdminViewController.swift; sourceTree = "<group>"; };
		6436439E44AF83AF1E7BF51A /* Pods-ExpertRecruitSystem.release.xcconfig */ = {isa = PBXFileReference; includeInIndex = 1; lastKnownFileType = text.xcconfig; name = "Pods-ExpertRecruitSystem.release.xcconfig"; path = "Pods/Target Support Files/Pods-ExpertRecruitSystem/Pods-ExpertRecruitSystem.release.xcconfig"; sourceTree = "<group>"; };
		F2624133CA386C23FB8E8430 /* Pods_ExpertRecruitSystem.framework */ = {isa = PBXFileReference; explicitFileType = wrapper.framework; includeInIndex = 0; path = Pods_ExpertRecruitSystem.framework; sourceTree = BUILT_PRODUCTS_DIR; };
/* End PBXFileReference section */

/* Begin PBXFrameworksBuildPhase section */
		552AD7091D6437F10050E849 /* Frameworks */ = {
			isa = PBXFrameworksBuildPhase;
			buildActionMask = 2147483647;
			files = (
				4A8E627EF7042AD8DADA37F7 /* Pods_ExpertRecruitSystem.framework in Frameworks */,
			);
			runOnlyForDeploymentPostprocessing = 0;
		};
/* End PBXFrameworksBuildPhase section */

/* Begin PBXGroup section */
		1708FDC2467091E04CA816A4 /* Frameworks */ = {
			isa = PBXGroup;
			children = (
				F2624133CA386C23FB8E8430 /* Pods_ExpertRecruitSystem.framework */,
			);
			name = Frameworks;
			sourceTree = "<group>";
		};
		2B22D2752DA188217AE1B037 /* Pods */ = {
			isa = PBXGroup;
			children = (
				279C9874A502105302E02F60 /* Pods-ExpertRecruitSystem.debug.xcconfig */,
				6436439E44AF83AF1E7BF51A /* Pods-ExpertRecruitSystem.release.xcconfig */,
			);
			name = Pods;
			sourceTree = "<group>";
		};
		552AD7031D6437F10050E849 = {
			isa = PBXGroup;
			children = (
				552AD70E1D6437F10050E849 /* ExpertRecruitSystem */,
				552AD70D1D6437F10050E849 /* Products */,
				2B22D2752DA188217AE1B037 /* Pods */,
				1708FDC2467091E04CA816A4 /* Frameworks */,
			);
			sourceTree = "<group>";
		};
		552AD70D1D6437F10050E849 /* Products */ = {
			isa = PBXGroup;
			children = (
				552AD70C1D6437F10050E849 /* ExpertRecruitSystem.app */,
			);
			name = Products;
			sourceTree = "<group>";
		};
		552AD70E1D6437F10050E849 /* ExpertRecruitSystem */ = {
			isa = PBXGroup;
			children = (
				552AD7941D6489B80050E849 /* AdminViewController.swift */,
				552AD70F1D6437F10050E849 /* AppDelegate.swift */,
				552AD7111D6437F10050E849 /* MenuViewController.swift */,
				552AD7901D646CF60050E849 /* UserCell.swift */,
				552AD78E1D6465D00050E849 /* User.swift */,
				552AD78A1D6464B00050E849 /* AuthViewController.swift */,
				552AD7131D6437F10050E849 /* Main.storyboard */,
				552AD7191D6437F10050E849 /* Assets.xcassets */,
				552AD71B1D6437F10050E849 /* LaunchScreen.storyboard */,
				552AD71E1D6437F10050E849 /* Info.plist */,
				552AD7281D64480F0050E849 /* GoogleService-Info.plist */,
				552AD7161D6437F10050E849 /* ExpertRecruitSystem.xcdatamodeld */,
			);
			path = ExpertRecruitSystem;
			sourceTree = "<group>";
		};
/* End PBXGroup section */

/* Begin PBXNativeTarget section */
		552AD70B1D6437F10050E849 /* ExpertRecruitSystem */ = {
			isa = PBXNativeTarget;
			buildConfigurationList = 552AD7211D6437F10050E849 /* Build configuration list for PBXNativeTarget "ExpertRecruitSystem" */;
			buildPhases = (
				D4CD3FC6850FF00230EB9382 /* [CP] Check Pods Manifest.lock */,
				552AD7081D6437F10050E849 /* Sources */,
				552AD7091D6437F10050E849 /* Frameworks */,
				552AD70A1D6437F10050E849 /* Resources */,
				FF0A7D03AC281186AC835D36 /* [CP] Embed Pods Frameworks */,
				0DFC95ED139DD7E4B377105F /* [CP] Copy Pods Resources */,
			);
			buildRules = (
			);
			dependencies = (
			);
			name = ExpertRecruitSystem;
			productName = ExpertRecruitSystem;
			productReference = 552AD70C1D6437F10050E849 /* ExpertRecruitSystem.app */;
			productType = "com.apple.product-type.application";
		};
/* End PBXNativeTarget section */

/* Begin PBXProject section */
		552AD7041D6437F10050E849 /* Project object */ = {
			isa = PBXProject;
			attributes = {
				LastSwiftUpdateCheck = 0730;
				LastUpgradeCheck = 0730;
				ORGANIZATIONNAME = PDC;
				TargetAttributes = {
					552AD70B1D6437F10050E849 = {
						CreatedOnToolsVersion = 7.3.1;
						DevelopmentTeam = G84KAMQJ6C;
					};
				};
			};
			buildConfigurationList = 552AD7071D6437F10050E849 /* Build configuration list for PBXProject "ExpertRecruitSystem" */;
			compatibilityVersion = "Xcode 3.2";
			developmentRegion = English;
			hasScannedForEncodings = 0;
			knownRegions = (
				en,
				Base,
			);
			mainGroup = 552AD7031D6437F10050E849;
			productRefGroup = 552AD70D1D6437F10050E849 /* Products */;
			projectDirPath = "";
			projectRoot = "";
			targets = (
				552AD70B1D6437F10050E849 /* ExpertRecruitSystem */,
			);
		};
/* End PBXProject section */

/* Begin PBXResourcesBuildPhase section */
		552AD70A1D6437F10050E849 /* Resources */ = {
			isa = PBXResourcesBuildPhase;
			buildActionMask = 2147483647;
			files = (
				552AD71D1D6437F10050E849 /* LaunchScreen.storyboard in Resources */,
				552AD7291D64480F0050E849 /* GoogleService-Info.plist in Resources */,
				552AD71A1D6437F10050E849 /* Assets.xcassets in Resources */,
				552AD7151D6437F10050E849 /* Main.storyboard in Resources */,
			);
			runOnlyForDeploymentPostprocessing = 0;
		};
/* End PBXResourcesBuildPhase section */

/* Begin PBXShellScriptBuildPhase section */
		0DFC95ED139DD7E4B377105F /* [CP] Copy Pods Resources */ = {
			isa = PBXShellScriptBuildPhase;
			buildActionMask = 2147483647;
			files = (
			);
			inputPaths = (
			);
			name = "[CP] Copy Pods Resources";
			outputPaths = (
			);
			runOnlyForDeploymentPostprocessing = 0;
			shellPath = /bin/sh;
			shellScript = "\"${SRCROOT}/Pods/Target Support Files/Pods-ExpertRecruitSystem/Pods-ExpertRecruitSystem-resources.sh\"\n";
			showEnvVarsInLog = 0;
		};
		D4CD3FC6850FF00230EB9382 /* [CP] Check Pods Manifest.lock */ = {
			isa = PBXShellScriptBuildPhase;
			buildActionMask = 2147483647;
			files = (
			);
			inputPaths = (
			);
			name = "[CP] Check Pods Manifest.lock";
			outputPaths = (
			);
			runOnlyForDeploymentPostprocessing = 0;
			shellPath = /bin/sh;
			shellScript = "diff \"${PODS_ROOT}/../Podfile.lock\" \"${PODS_ROOT}/Manifest.lock\" > /dev/null\nif [[ $? != 0 ]] ; then\n    cat << EOM\nerror: The sandbox is not in sync with the Podfile.lock. Run 'pod install' or update your CocoaPods installation.\nEOM\n    exit 1\nfi\n";
			showEnvVarsInLog = 0;
		};
		FF0A7D03AC281186AC835D36 /* [CP] Embed Pods Frameworks */ = {
			isa = PBXShellScriptBuildPhase;
			buildActionMask = 2147483647;
			files = (
			);
			inputPaths = (
			);
			name = "[CP] Embed Pods Frameworks";
			outputPaths = (
			);
			runOnlyForDeploymentPostprocessing = 0;
			shellPath = /bin/sh;
			shellScript = "\"${SRCROOT}/Pods/Target Support Files/Pods-ExpertRecruitSystem/Pods-ExpertRecruitSystem-frameworks.sh\"\n";
			showEnvVarsInLog = 0;
		};
/* End PBXShellScriptBuildPhase section */

/* Begin PBXSourcesBuildPhase section */
		552AD7081D6437F10050E849 /* Sources */ = {
			isa = PBXSourcesBuildPhase;
			buildActionMask = 2147483647;
			files = (
				552AD78B1D6464B00050E849 /* AuthViewController.swift in Sources */,
				552AD7121D6437F10050E849 /* MenuViewController.swift in Sources */,
				552AD7911D646CF60050E849 /* UserCell.swift in Sources */,
				552AD78F1D6465D00050E849 /* User.swift in Sources */,
				552AD7951D6489B80050E849 /* AdminViewController.swift in Sources */,
				552AD7181D6437F10050E849 /* ExpertRecruitSystem.xcdatamodeld in Sources */,
				552AD7101D6437F10050E849 /* AppDelegate.swift in Sources */,
			);
			runOnlyForDeploymentPostprocessing = 0;
		};
/* End PBXSourcesBuildPhase section */

/* Begin PBXVariantGroup section */
		552AD7131D6437F10050E849 /* Main.storyboard */ = {
			isa = PBXVariantGroup;
			children = (
				552AD7141D6437F10050E849 /* Base */,
			);
			name = Main.storyboard;
			sourceTree = "<group>";
		};
		552AD71B1D6437F10050E849 /* LaunchScreen.storyboard */ = {
			isa = PBXVariantGroup;
			children = (
				552AD71C1D6437F10050E849 /* Base */,
			);
			name = LaunchScreen.storyboard;
			sourceTree = "<group>";
		};
/* End PBXVariantGroup section */

/* Begin XCBuildConfiguration section */
		552AD71F1D6437F10050E849 /* Debug */ = {
			isa = XCBuildConfiguration;
			buildSettings = {
				ALWAYS_SEARCH_USER_PATHS = NO;
				CLANG_ANALYZER_NONNULL = YES;
				CLANG_CXX_LANGUAGE_STANDARD = "gnu++0x";
				CLANG_CXX_LIBRARY = "libc++";
				CLANG_ENABLE_MODULES = YES;
				CLANG_ENABLE_OBJC_ARC = YES;
				CLANG_WARN_BOOL_CONVERSION = YES;
				CLANG_WARN_CONSTANT_CONVERSION = YES;
				CLANG_WARN_DIRECT_OBJC_ISA_USAGE = YES_ERROR;
				CLANG_WARN_EMPTY_BODY = YES;
				CLANG_WARN_ENUM_CONVERSION = YES;
				CLANG_WARN_INT_CONVERSION = YES;
				CLANG_WARN_OBJC_ROOT_CLASS = YES_ERROR;
				CLANG_WARN_UNREACHABLE_CODE = YES;
				CLANG_WARN__DUPLICATE_METHOD_MATCH = YES;
				"CODE_SIGN_IDENTITY[sdk=iphoneos*]" = "iPhone Developer";
				COPY_PHASE_STRIP = NO;
				DEBUG_INFORMATION_FORMAT = dwarf;
				ENABLE_STRICT_OBJC_MSGSEND = YES;
				ENABLE_TESTABILITY = YES;
				GCC_C_LANGUAGE_STANDARD = gnu99;
				GCC_DYNAMIC_NO_PIC = NO;
				GCC_NO_COMMON_BLOCKS = YES;
				GCC_OPTIMIZATION_LEVEL = 0;
				GCC_PREPROCESSOR_DEFINITIONS = (
					"DEBUG=1",
					"$(inherited)",
				);
				GCC_WARN_64_TO_32_BIT_CONVERSION = YES;
				GCC_WARN_ABOUT_RETURN_TYPE = YES_ERROR;
				GCC_WARN_UNDECLARED_SELECTOR = YES;
				GCC_WARN_UNINITIALIZED_AUTOS = YES_AGGRESSIVE;
				GCC_WARN_UNUSED_FUNCTION = YES;
				GCC_WARN_UNUSED_VARIABLE = YES;
				IPHONEOS_DEPLOYMENT_TARGET = 9.3;
				MTL_ENABLE_DEBUG_INFO = YES;
				ONLY_ACTIVE_ARCH = YES;
				SDKROOT = iphoneos;
				SWIFT_OPTIMIZATION_LEVEL = "-Onone";
				TARGETED_DEVICE_FAMILY = 2;
			};
			name = Debug;
		};
		552AD7201D6437F10050E849 /* Release */ = {
			isa = XCBuildConfiguration;
			buildSettings = {
				ALWAYS_SEARCH_USER_PATHS = NO;
				CLANG_ANALYZER_NONNULL = YES;
				CLANG_CXX_LANGUAGE_STANDARD = "gnu++0x";
				CLANG_CXX_LIBRARY = "libc++";
				CLANG_ENABLE_MODULES = YES;
				CLANG_ENABLE_OBJC_ARC = YES;
				CLANG_WARN_BOOL_CONVERSION = YES;
				CLANG_WARN_CONSTANT_CONVERSION = YES;
				CLANG_WARN_DIRECT_OBJC_ISA_USAGE = YES_ERROR;
				CLANG_WARN_EMPTY_BODY = YES;
				CLANG_WARN_ENUM_CONVERSION = YES;
				CLANG_WARN_INT_CONVERSION = YES;
				CLANG_WARN_OBJC_ROOT_CLASS = YES_ERROR;
				CLANG_WARN_UNREACHABLE_CODE = YES;
				CLANG_WARN__DUPLICATE_METHOD_MATCH = YES;
				"CODE_SIGN_IDENTITY[sdk=iphoneos*]" = "iPhone Developer";
				COPY_PHASE_STRIP = NO;
				DEBUG_INFORMATION_FORMAT = "dwarf-with-dsym";
				ENABLE_NS_ASSERTIONS = NO;
				ENABLE_STRICT_OBJC_MSGSEND = YES;
				GCC_C_LANGUAGE_STANDARD = gnu99;
				GCC_NO_COMMON_BLOCKS = YES;
				GCC_WARN_64_TO_32_BIT_CONVERSION = YES;
				GCC_WARN_ABOUT_RETURN_TYPE = YES_ERROR;
				GCC_WARN_UNDECLARED_SELECTOR = YES;
				GCC_WARN_UNINITIALIZED_AUTOS = YES_AGGRESSIVE;
				GCC_WARN_UNUSED_FUNCTION = YES;
				GCC_WARN_UNUSED_VARIABLE = YES;
				IPHONEOS_DEPLOYMENT_TARGET = 9.3;
				MTL_ENABLE_DEBUG_INFO = NO;
				SDKROOT = iphoneos;
				TARGETED_DEVICE_FAMILY = 2;
				VALIDATE_PRODUCT = YES;
			};
			name = Release;
		};
		552AD7221D6437F10050E849 /* Debug */ = {
			isa = XCBuildConfiguration;
			baseConfigurationReference = 279C9874A502105302E02F60 /* Pods-ExpertRecruitSystem.debug.xcconfig */;
			buildSettings = {
				ALWAYS_SEARCH_USER_PATHS = NO;
				ASSETCATALOG_COMPILER_APPICON_NAME = AppIcon;
				CODE_SIGN_IDENTITY = "iPhone Developer";
				"CODE_SIGN_IDENTITY[sdk=iphoneos*]" = "iPhone Developer";
				FRAMEWORK_SEARCH_PATHS = (
					"$(inherited)",
					"$(PROJECT_DIR)/ExpertRecruitSystem",
				);
				INFOPLIST_FILE = ExpertRecruitSystem/Info.plist;
				LD_RUNPATH_SEARCH_PATHS = "$(inherited) @executable_path/Frameworks";
				OTHER_LDFLAGS = (
					"$(OTHER_LDFLAGS)",
					"-ObjC",
				);
				PRODUCT_BUNDLE_IDENTIFIER = me.poodar.ExpertRecruitSystem;
				PRODUCT_NAME = "$(TARGET_NAME)";
				PROVISIONING_PROFILE = "";
				USER_HEADER_SEARCH_PATHS = "";
			};
			name = Debug;
		};
		552AD7231D6437F10050E849 /* Release */ = {
			isa = XCBuildConfiguration;
			baseConfigurationReference = 6436439E44AF83AF1E7BF51A /* Pods-ExpertRecruitSystem.release.xcconfig */;
			buildSettings = {
				ALWAYS_SEARCH_USER_PATHS = NO;
				ASSETCATALOG_COMPILER_APPICON_NAME = AppIcon;
				CODE_SIGN_IDENTITY = "iPhone Developer";
				"CODE_SIGN_IDENTITY[sdk=iphoneos*]" = "iPhone Developer";
				FRAMEWORK_SEARCH_PATHS = (
					"$(inherited)",
					"$(PROJECT_DIR)/ExpertRecruitSystem",
				);
				INFOPLIST_FILE = ExpertRecruitSystem/Info.plist;
				LD_RUNPATH_SEARCH_PATHS = "$(inherited) @executable_path/Frameworks";
				OTHER_LDFLAGS = (
					"$(OTHER_LDFLAGS)",
					"-ObjC",
				);
				PRODUCT_BUNDLE_IDENTIFIER = me.poodar.ExpertRecruitSystem;
				PRODUCT_NAME = "$(TARGET_NAME)";
				PROVISIONING_PROFILE = "";
				USER_HEADER_SEARCH_PATHS = "";
			};
			name = Release;
		};
/* End XCBuildConfiguration section */

/* Begin XCConfigurationList section */
		552AD7071D6437F10050E849 /* Build configuration list for PBXProject "ExpertRecruitSystem" */ = {
			isa = XCConfigurationList;
			buildConfigurations = (
				552AD71F1D6437F10050E849 /* Debug */,
				552AD7201D6437F10050E849 /* Release */,
			);
			defaultConfigurationIsVisible = 0;
			defaultConfigurationName = Release;
		};
		552AD7211D6437F10050E849 /* Build configuration list for PBXNativeTarget "ExpertRecruitSystem" */ = {
			isa = XCConfigurationList;
			buildConfigurations = (
				552AD7221D6437F10050E849 /* Debug */,
				552AD7231D6437F10050E849 /* Release */,
			);
			defaultConfigurationIsVisible = 0;
			defaultConfigurationName = Release;
		};
/* End XCConfigurationList section */

/* Begin XCVersionGroup section */
		552AD7161D6437F10050E849 /* ExpertRecruitSystem.xcdatamodeld */ = {
			isa = XCVersionGroup;
			children = (
				552AD7171D6437F10050E849 /* ExpertRecruitSystem.xcdatamodel */,
			);
			currentVersion = 552AD7171D6437F10050E849 /* ExpertRecruitSystem.xcdatamodel */;
			path = ExpertRecruitSystem.xcdatamodeld;
			sourceTree = "<group>";
			versionGroupType = wrapper.xcdatamodel;
		};
/* End XCVersionGroup section */
	};
	rootObject = 552AD7041D6437F10050E849 /* Project object */;
}
